<?xml version="1.0" encoding="UTF-8" standalone="yes" ?>
<CodeBlocks_project_file>
	<FileVersion major="1" minor="6" />
	<Project>
		<Option title="Routeur" />
		<Option pch_mode="2" />
		<Option compiler="gcc" />
		<Option virtualFolders="headers\;src\;" />
		<Build>
			<Target title="Debug">
				<Option output="bin\Debug\Routeur" prefix_auto="1" extension_auto="1" />
				<Option object_output="obj\Debug\" />
				<Option type="1" />
				<Option compiler="gcc" />
				<Compiler>
					<Add option="-g" />
				</Compiler>
			</Target>
			<Target title="Release">
				<Option output="bin\Release\Routeur" prefix_auto="1" extension_auto="1" />
				<Option object_output="obj\Release\" />
				<Option type="1" />
				<Option compiler="gcc" />
				<Compiler>
					<Add option="-O2" />
				</Compiler>
				<Linker>
					<Add option="-s" />
				</Linker>
			</Target>
		</Build>
		<Compiler>
			<Add option="-Wall" />
			<Add option="-Iheaders" />
			<Add option="-lpthread" />
		</Compiler>
		<Linker>
			<Add library="libws2_32.a" />
			<Add library="..\pThread\lib\libpthreadGC2.a" />
			<Add library="..\pThread\lib\pthreadVC2.lib" />
		</Linker>
		<Unit filename="headers\GestionReseau.h">
			<Option virtualFolder="headers\" />
		</Unit>
		<Unit filename="headers\ListeChainee.h">
			<Option virtualFolder="headers\" />
		</Unit>
		<Unit filename="headers\stdafx.h">
			<Option virtualFolder="headers\" />
		</Unit>
		<Unit filename="headers\utils.h">
			<Option virtualFolder="headers\" />
		</Unit>
		<Unit filename="src\GestionReseau.c">
			<Option compilerVar="CC" />
			<Option virtualFolder="src\" />
		</Unit>
		<Unit filename="src\ListeChainee.c">
			<Option compilerVar="CC" />
			<Option virtualFolder="src\" />
		</Unit>
		<Unit filename="src\main_router.c">
			<Option compilerVar="CC" />
			<Option virtualFolder="src\" />
		</Unit>
		<Unit filename="src\utils.c">
			<Option compilerVar="CC" />
			<Option virtualFolder="src\" />
		</Unit>
		<Extensions>
			<code_completion />
			<envvars />
			<debugger />
			<lib_finder disable_auto="1" />
		</Extensions>
	</Project>
</CodeBlocks_project_file>
